{
  "version": "5",
  "redirects": {
    "https://esm.sh/@supabase/supabase-js@2": "https://esm.sh/@supabase/supabase-js@2.107.0"
  },
  "remote": {
    "https://esm.sh/@supabase/supabase-js@2.107.0": "8caa09b0223684d83cfa273de2946af25430d7ca8e5320b721226a0c7a8c6e98"
  },
  "workspace": {
    "packageJson": {
      "dependencies": [
        "npm:@lyracom/embedded-form-glue@^1.3.6",
        "npm:@nuxt/ui@^4.6.0",
        "npm:@nuxtjs/color-mode@4",
        "npm:@nuxtjs/i18n@^10.2.4",
        "npm:@nuxtjs/supabase@^2.0.5",
        "npm:@pinia/nuxt@~0.11.3",
        "npm:@vueuse/nuxt@^14.2.1",
        "npm:jspdf@^4.2.1",
        "npm:konva@^10.3.0",
        "npm:netlify-cli@^25.0.1",
        "npm:nuxt@^4.4.2",
        "npm:pinia@^3.0.4",
        "npm:vue-konva@^3.4.0",
        "npm:vue-router@^5.0.4",
        "npm:vue@^3.5.32"
      ]
    }
  }
}
